
Microsoft Visual Studio Solution File, Format Version 12.00
# Visual Studio Version 16
VisualStudioVersion = 16.0.30204.135
MinimumVisualStudioVersion = 10.0.40219.1
Project("{FAE04EC0-301F-11D3-BF4B-00C04F79EFBC}") = "web", "web\web.csproj", "{20DAC588-0E51-450D-A76A-656D68B13571}"
EndProject
Global
	GlobalSection(SolutionConfigurationPlatforms) = preSolution
		Debug|Any CPU = Debug|Any CPU
		Release|Any CPU = Release|Any CPU
	EndGlobalSection
	GlobalSection(ProjectConfigurationPlatforms) = postSolution
		{20DAC588-0E51-450D-A76A-656D68B13571}.Debug|Any CPU.ActiveCfg = Debug|Any CPU
		{20DAC588-0E51-450D-A76A-656D68B13571}.Debug|Any CPU.Build.0 = Debug|Any CPU
		{20DAC588-0E51-450D-A76A-656D68B13571}.Release|Any CPU.ActiveCfg = Release|Any CPU
		{20DAC588-0E51-450D-A76A-656D68B13571}.Release|Any CPU.Build.0 = Release|Any CPU
	EndGlobalSection
	GlobalSection(SolutionProperties) = preSolution
		HideSolutionNode = FALSE
	EndGlobalSection
	GlobalSection(ExtensibilityGlobals) = postSolution
		SolutionGuid = {4ECFDFD8-C18A-41CC-BC95-EBDC84DC2957}
	EndGlobalSection
EndGlobal
